// !$*UTF8*$!
{
	archiveVersion = 1;
	classes = {
	};
	objectVersion = 56;
	objects = {

/* Begin PBXBuildFile section */
		0EEF32E229A52B4000134AEC /* UnderControlApp.swift in Sources */ = {isa = PBXBuildFile; fileRef = 0EEF32E129A52B4000134AEC /* UnderControlApp.swift */; };
		0EEF32E429A52B4000134AEC /* MainScreenView.swift in Sources */ = {isa = PBXBuildFile; fileRef = 0EEF32E329A52B4000134AEC /* MainScreenView.swift */; };
		0EEF32E629A52B4100134AEC /* Assets.xcassets in Resources */ = {isa = PBXBuildFile; fileRef = 0EEF32E529A52B4100134AEC /* Assets.xcassets */; };
		0EEF32E929A52B4100134AEC /* Preview Assets.xcassets in Resources */ = {isa = PBXBuildFile; fileRef = 0EEF32E829A52B4100134AEC /* Preview Assets.xcassets */; };
		0EEF32F129A52BEA00134AEC /* OperationModel.swift in Sources */ = {isa = PBXBuildFile; fileRef = 0EEF32F029A52BEA00134AEC /* OperationModel.swift */; };
		0EEF32F729A52DB400134AEC /* MainWidgetView.swift in Sources */ = {isa = PBXBuildFile; fileRef = 0EEF32F629A52DB400134AEC /* MainWidgetView.swift */; };
		0EEF32FA29A530D200134AEC /* TopBarView.swift in Sources */ = {isa = PBXBuildFile; fileRef = 0EEF32F929A530D200134AEC /* TopBarView.swift */; };
		0EEF32FD29A53E7F00134AEC /* MainOperationCell.swift in Sources */ = {isa = PBXBuildFile; fileRef = 0EEF32FC29A53E7F00134AEC /* MainOperationCell.swift */; };
		0EEF32FF29A5432200134AEC /* HeaderListView.swift in Sources */ = {isa = PBXBuildFile; fileRef = 0EEF32FE29A5432200134AEC /* HeaderListView.swift */; };
		0EEF330129A5460200134AEC /* MainDetailedView.swift in Sources */ = {isa = PBXBuildFile; fileRef = 0EEF330029A5460200134AEC /* MainDetailedView.swift */; };
		0EEF330529A5554D00134AEC /* MainViewModel.swift in Sources */ = {isa = PBXBuildFile; fileRef = 0EEF330429A5554D00134AEC /* MainViewModel.swift */; };
		0EEF330829A5588000134AEC /* Formatter.swift in Sources */ = {isa = PBXBuildFile; fileRef = 0EEF330729A5588000134AEC /* Formatter.swift */; };
/* End PBXBuildFile section */

/* Begin PBXFileReference section */
		0EEF32DE29A52B4000134AEC /* UnderControl.app */ = {isa = PBXFileReference; explicitFileType = wrapper.application; includeInIndex = 0; path = UnderControl.app; sourceTree = BUILT_PRODUCTS_DIR; };
		0EEF32E129A52B4000134AEC /* UnderControlApp.swift */ = {isa = PBXFileReference; lastKnownFileType = sourcecode.swift; path = UnderControlApp.swift; sourceTree = "<group>"; };
		0EEF32E329A52B4000134AEC /* MainScreenView.swift */ = {isa = PBXFileReference; lastKnownFileType = sourcecode.swift; path = MainScreenView.swift; sourceTree = "<group>"; };
		0EEF32E529A52B4100134AEC /* Assets.xcassets */ = {isa = PBXFileReference; lastKnownFileType = folder.assetcatalog; path = Assets.xcassets; sourceTree = "<group>"; };
		0EEF32E829A52B4100134AEC /* Preview Assets.xcassets */ = {isa = PBXFileReference; lastKnownFileType = folder.assetcatalog; path = "Preview Assets.xcassets"; sourceTree = "<group>"; };
		0EEF32F029A52BEA00134AEC /* OperationModel.swift */ = {isa = PBXFileReference; lastKnownFileType = sourcecode.swift; path = OperationModel.swift; sourceTree = "<group>"; };
		0EEF32F629A52DB400134AEC /* MainWidgetView.swift */ = {isa = PBXFileReference; lastKnownFileType = sourcecode.swift; path = MainWidgetView.swift; sourceTree = "<group>"; };
		0EEF32F929A530D200134AEC /* TopBarView.swift */ = {isa = PBXFileReference; lastKnownFileType = sourcecode.swift; path = TopBarView.swift; sourceTree = "<group>"; };
		0EEF32FC29A53E7F00134AEC /* MainOperationCell.swift */ = {isa = PBXFileReference; lastKnownFileType = sourcecode.swift; path = MainOperationCell.swift; sourceTree = "<group>"; };
		0EEF32FE29A5432200134AEC /* HeaderListView.swift */ = {isa = PBXFileReference; lastKnownFileType = sourcecode.swift; path = HeaderListView.swift; sourceTree = "<group>"; };
		0EEF330029A5460200134AEC /* MainDetailedView.swift */ = {isa = PBXFileReference; lastKnownFileType = sourcecode.swift; path = MainDetailedView.swift; sourceTree = "<group>"; };
		0EEF330229A5503B00134AEC /* Info.plist */ = {isa = PBXFileReference; lastKnownFileType = text.plist.xml; path = Info.plist; sourceTree = "<group>"; };
		0EEF330429A5554D00134AEC /* MainViewModel.swift */ = {isa = PBXFileReference; lastKnownFileType = sourcecode.swift; path = MainViewModel.swift; sourceTree = "<group>"; };
		0EEF330729A5588000134AEC /* Formatter.swift */ = {isa = PBXFileReference; lastKnownFileType = sourcecode.swift; path = Formatter.swift; sourceTree = "<group>"; };
/* End PBXFileReference section */

/* Begin PBXFrameworksBuildPhase section */
		0EEF32DB29A52B4000134AEC /* Frameworks */ = {
			isa = PBXFrameworksBuildPhase;
			buildActionMask = 2147483647;
			files = (
			);
			runOnlyForDeploymentPostprocessing = 0;
		};
/* End PBXFrameworksBuildPhase section */

/* Begin PBXGroup section */
		0EEF32D529A52B4000134AEC = {
			isa = PBXGroup;
			children = (
				0EEF32E029A52B4000134AEC /* UnderControl */,
				0EEF32DF29A52B4000134AEC /* Products */,
			);
			sourceTree = "<group>";
		};
		0EEF32DF29A52B4000134AEC /* Products */ = {
			isa = PBXGroup;
			children = (
				0EEF32DE29A52B4000134AEC /* UnderControl.app */,
			);
			name = Products;
			sourceTree = "<group>";
		};
		0EEF32E029A52B4000134AEC /* UnderControl */ = {
			isa = PBXGroup;
			children = (
				0EEF330629A5586F00134AEC /* Extensions */,
				0EEF32F329A52CFA00134AEC /* Application */,
				0EEF32EF29A52B6B00134AEC /* Models */,
				0EEF32F229A52CD400134AEC /* Views */,
				0EEF330329A5553B00134AEC /* ViewModels */,
				0EEF32F529A52D3900134AEC /* Resources */,
			);
			path = UnderControl;
			sourceTree = "<group>";
		};
		0EEF32E729A52B4100134AEC /* Preview Content */ = {
			isa = PBXGroup;
			children = (
				0EEF32E829A52B4100134AEC /* Preview Assets.xcassets */,
			);
			path = "Preview Content";
			sourceTree = "<group>";
		};
		0EEF32EF29A52B6B00134AEC /* Models */ = {
			isa = PBXGroup;
			children = (
				0EEF32F029A52BEA00134AEC /* OperationModel.swift */,
			);
			path = Models;
			sourceTree = "<group>";
		};
		0EEF32F229A52CD400134AEC /* Views */ = {
			isa = PBXGroup;
			children = (
				0EEF32F429A52D2500134AEC /* MainViews */,
			);
			path = Views;
			sourceTree = "<group>";
		};
		0EEF32F329A52CFA00134AEC /* Application */ = {
			isa = PBXGroup;
			children = (
				0EEF32E129A52B4000134AEC /* UnderControlApp.swift */,
				0EEF330229A5503B00134AEC /* Info.plist */,
			);
			path = Application;
			sourceTree = "<group>";
		};
		0EEF32F429A52D2500134AEC /* MainViews */ = {
			isa = PBXGroup;
			children = (
				0EEF32FB29A53E7000134AEC /* Cells */,
				0EEF32F829A52DB800134AEC /* UIElements */,
				0EEF32E329A52B4000134AEC /* MainScreenView.swift */,
			);
			path = MainViews;
			sourceTree = "<group>";
		};
		0EEF32F529A52D3900134AEC /* Resources */ = {
			isa = PBXGroup;
			children = (
				0EEF32E529A52B4100134AEC /* Assets.xcassets */,
				0EEF32E729A52B4100134AEC /* Preview Content */,
			);
			path = Resources;
			sourceTree = "<group>";
		};
		0EEF32F829A52DB800134AEC /* UIElements */ = {
			isa = PBXGroup;
			children = (
				0EEF32F929A530D200134AEC /* TopBarView.swift */,
				0EEF32F629A52DB400134AEC /* MainWidgetView.swift */,
				0EEF32FE29A5432200134AEC /* HeaderListView.swift */,
				0EEF330029A5460200134AEC /* MainDetailedView.swift */,
			);
			path = UIElements;
			sourceTree = "<group>";
		};
		0EEF32FB29A53E7000134AEC /* Cells */ = {
			isa = PBXGroup;
			children = (
				0EEF32FC29A53E7F00134AEC /* MainOperationCell.swift */,
			);
			path = Cells;
			sourceTree = "<group>";
		};
		0EEF330329A5553B00134AEC /* ViewModels */ = {
			isa = PBXGroup;
			children = (
				0EEF330429A5554D00134AEC /* MainViewModel.swift */,
			);
			path = ViewModels;
			sourceTree = "<group>";
		};
		0EEF330629A5586F00134AEC /* Extensions */ = {
			isa = PBXGroup;
			children = (
				0EEF330729A5588000134AEC /* Formatter.swift */,
			);
			path = Extensions;
			sourceTree = "<group>";
		};
/* End PBXGroup section */

/* Begin PBXNativeTarget section */
		0EEF32DD29A52B4000134AEC /* UnderControl */ = {
			isa = PBXNativeTarget;
			buildConfigurationList = 0EEF32EC29A52B4100134AEC /* Build configuration list for PBXNativeTarget "UnderControl" */;
			buildPhases = (
				0EEF32DA29A52B4000134AEC /* Sources */,
				0EEF32DB29A52B4000134AEC /* Frameworks */,
				0EEF32DC29A52B4000134AEC /* Resources */,
			);
			buildRules = (
			);
			dependencies = (
			);
			name = UnderControl;
			productName = UnderControl;
			productReference = 0EEF32DE29A52B4000134AEC /* UnderControl.app */;
			productType = "com.apple.product-type.application";
		};
/* End PBXNativeTarget section */

/* Begin PBXProject section */
		0EEF32D629A52B4000134AEC /* Project object */ = {
			isa = PBXProject;
			attributes = {
				BuildIndependentTargetsInParallel = 1;
				LastSwiftUpdateCheck = 1420;
				LastUpgradeCheck = 1420;
				TargetAttributes = {
					0EEF32DD29A52B4000134AEC = {
						CreatedOnToolsVersion = 14.2;
					};
				};
			};
			buildConfigurationList = 0EEF32D929A52B4000134AEC /* Build configuration list for PBXProject "UnderControl" */;
			compatibilityVersion = "Xcode 14.0";
			developmentRegion = en;
			hasScannedForEncodings = 0;
			knownRegions = (
				en,
				Base,
			);
			mainGroup = 0EEF32D529A52B4000134AEC;
			productRefGroup = 0EEF32DF29A52B4000134AEC /* Products */;
			projectDirPath = "";
			projectRoot = "";
			targets = (
				0EEF32DD29A52B4000134AEC /* UnderControl */,
			);
		};
/* End PBXProject section */

/* Begin PBXResourcesBuildPhase section */
		0EEF32DC29A52B4000134AEC /* Resources */ = {
			isa = PBXResourcesBuildPhase;
			buildActionMask = 2147483647;
			files = (
				0EEF32E929A52B4100134AEC /* Preview Assets.xcassets in Resources */,
				0EEF32E629A52B4100134AEC /* Assets.xcassets in Resources */,
			);
			runOnlyForDeploymentPostprocessing = 0;
		};
/* End PBXResourcesBuildPhase section */

/* Begin PBXSourcesBuildPhase section */
		0EEF32DA29A52B4000134AEC /* Sources */ = {
			isa = PBXSourcesBuildPhase;
			buildActionMask = 2147483647;
			files = (
				0EEF32FA29A530D200134AEC /* TopBarView.swift in Sources */,
				0EEF330529A5554D00134AEC /* MainViewModel.swift in Sources */,
				0EEF330829A5588000134AEC /* Formatter.swift in Sources */,
				0EEF32F129A52BEA00134AEC /* OperationModel.swift in Sources */,
				0EEF32E429A52B4000134AEC /* MainScreenView.swift in Sources */,
				0EEF32E229A52B4000134AEC /* UnderControlApp.swift in Sources */,
				0EEF32FD29A53E7F00134AEC /* MainOperationCell.swift in Sources */,
				0EEF330129A5460200134AEC /* MainDetailedView.swift in Sources */,
				0EEF32FF29A5432200134AEC /* HeaderListView.swift in Sources */,
				0EEF32F729A52DB400134AEC /* MainWidgetView.swift in Sources */,
			);
			runOnlyForDeploymentPostprocessing = 0;
		};
/* End PBXSourcesBuildPhase section */

/* Begin XCBuildConfiguration section */
		0EEF32EA29A52B4100134AEC /* Debug */ = {
			isa = XCBuildConfiguration;
			buildSettings = {
				ALWAYS_SEARCH_USER_PATHS = NO;
				CLANG_ANALYZER_NONNULL = YES;
				CLANG_ANALYZER_NUMBER_OBJECT_CONVERSION = YES_AGGRESSIVE;
				CLANG_CXX_LANGUAGE_STANDARD = "gnu++20";
				CLANG_ENABLE_MODULES = YES;
				CLANG_ENABLE_OBJC_ARC = YES;
				CLANG_ENABLE_OBJC_WEAK = YES;
				CLANG_WARN_BLOCK_CAPTURE_AUTORELEASING = YES;
				CLANG_WARN_BOOL_CONVERSION = YES;
				CLANG_WARN_COMMA = YES;
				CLANG_WARN_CONSTANT_CONVERSION = YES;
				CLANG_WARN_DEPRECATED_OBJC_IMPLEMENTATIONS = YES;
				CLANG_WARN_DIRECT_OBJC_ISA_USAGE = YES_ERROR;
				CLANG_WARN_DOCUMENTATION_COMMENTS = YES;
				CLANG_WARN_EMPTY_BODY = YES;
				CLANG_WARN_ENUM_CONVERSION = YES;
				CLANG_WARN_INFINITE_RECURSION = YES;
				CLANG_WARN_INT_CONVERSION = YES;
				CLANG_WARN_NON_LITERAL_NULL_CONVERSION = YES;
				CLANG_WARN_OBJC_IMPLICIT_RETAIN_SELF = YES;
				CLANG_WARN_OBJC_LITERAL_CONVERSION = YES;
				CLANG_WARN_OBJC_ROOT_CLASS = YES_ERROR;
				CLANG_WARN_QUOTED_INCLUDE_IN_FRAMEWORK_HEADER = YES;
				CLANG_WARN_RANGE_LOOP_ANALYSIS = YES;
				CLANG_WARN_STRICT_PROTOTYPES = YES;
				CLANG_WARN_SUSPICIOUS_MOVE = YES;
				CLANG_WARN_UNGUARDED_AVAILABILITY = YES_AGGRESSIVE;
				CLANG_WARN_UNREACHABLE_CODE = YES;
				CLANG_WARN__DUPLICATE_METHOD_MATCH = YES;
				COPY_PHASE_STRIP = NO;
				DEBUG_INFORMATION_FORMAT = dwarf;
				ENABLE_STRICT_OBJC_MSGSEND = YES;
				ENABLE_TESTABILITY = YES;
				GCC_C_LANGUAGE_STANDARD = gnu11;
				GCC_DYNAMIC_NO_PIC = NO;
				GCC_NO_COMMON_BLOCKS = YES;
				GCC_OPTIMIZATION_LEVEL = 0;
				GCC_PREPROCESSOR_DEFINITIONS = (
					"DEBUG=1",
					"$(inherited)",
				);
				GCC_WARN_64_TO_32_BIT_CONVERSION = YES;
				GCC_WARN_ABOUT_RETURN_TYPE = YES_ERROR;
				GCC_WARN_UNDECLARED_SELECTOR = YES;
				GCC_WARN_UNINITIALIZED_AUTOS = YES_AGGRESSIVE;
				GCC_WARN_UNUSED_FUNCTION = YES;
				GCC_WARN_UNUSED_VARIABLE = YES;
				IPHONEOS_DEPLOYMENT_TARGET = 16.2;
				MTL_ENABLE_DEBUG_INFO = INCLUDE_SOURCE;
				MTL_FAST_MATH = YES;
				ONLY_ACTIVE_ARCH = YES;
				SDKROOT = iphoneos;
				SWIFT_ACTIVE_COMPILATION_CONDITIONS = DEBUG;
				SWIFT_OPTIMIZATION_LEVEL = "-Onone";
			};
			name = Debug;
		};
		0EEF32EB29A52B4100134AEC /* Release */ = {
			isa = XCBuildConfiguration;
			buildSettings = {
				ALWAYS_SEARCH_USER_PATHS = NO;
				CLANG_ANALYZER_NONNULL = YES;
				CLANG_ANALYZER_NUMBER_OBJECT_CONVERSION = YES_AGGRESSIVE;
				CLANG_CXX_LANGUAGE_STANDARD = "gnu++20";
				CLANG_ENABLE_MODULES = YES;
				CLANG_ENABLE_OBJC_ARC = YES;
				CLANG_ENABLE_OBJC_WEAK = YES;
				CLANG_WARN_BLOCK_CAPTURE_AUTORELEASING = YES;
				CLANG_WARN_BOOL_CONVERSION = YES;
				CLANG_WARN_COMMA = YES;
				CLANG_WARN_CONSTANT_CONVERSION = YES;
				CLANG_WARN_DEPRECATED_OBJC_IMPLEMENTATIONS = YES;
				CLANG_WARN_DIRECT_OBJC_ISA_USAGE = YES_ERROR;
				CLANG_WARN_DOCUMENTATION_COMMENTS = YES;
				CLANG_WARN_EMPTY_BODY = YES;
				CLANG_WARN_ENUM_CONVERSION = YES;
				CLANG_WARN_INFINITE_RECURSION = YES;
				CLANG_WARN_INT_CONVERSION = YES;
				CLANG_WARN_NON_LITERAL_NULL_CONVERSION = YES;
				CLANG_WARN_OBJC_IMPLICIT_RETAIN_SELF = YES;
				CLANG_WARN_OBJC_LITERAL_CONVERSION = YES;
				CLANG_WARN_OBJC_ROOT_CLASS = YES_ERROR;
				CLANG_WARN_QUOTED_INCLUDE_IN_FRAMEWORK_HEADER = YES;
				CLANG_WARN_RANGE_LOOP_ANALYSIS = YES;
				CLANG_WARN_STRICT_PROTOTYPES = YES;
				CLANG_WARN_SUSPICIOUS_MOVE = YES;
				CLANG_WARN_UNGUARDED_AVAILABILITY = YES_AGGRESSIVE;
				CLANG_WARN_UNREACHABLE_CODE = YES;
				CLANG_WARN__DUPLICATE_METHOD_MATCH = YES;
				COPY_PHASE_STRIP = NO;
				DEBUG_INFORMATION_FORMAT = "dwarf-with-dsym";
				ENABLE_NS_ASSERTIONS = NO;
				ENABLE_STRICT_OBJC_MSGSEND = YES;
				GCC_C_LANGUAGE_STANDARD = gnu11;
				GCC_NO_COMMON_BLOCKS = YES;
				GCC_WARN_64_TO_32_BIT_CONVERSION = YES;
				GCC_WARN_ABOUT_RETURN_TYPE = YES_ERROR;
				GCC_WARN_UNDECLARED_SELECTOR = YES;
				GCC_WARN_UNINITIALIZED_AUTOS = YES_AGGRESSIVE;
				GCC_WARN_UNUSED_FUNCTION = YES;
				GCC_WARN_UNUSED_VARIABLE = YES;
				IPHONEOS_DEPLOYMENT_TARGET = 16.2;
				MTL_ENABLE_DEBUG_INFO = NO;
				MTL_FAST_MATH = YES;
				SDKROOT = iphoneos;
				SWIFT_COMPILATION_MODE = wholemodule;
				SWIFT_OPTIMIZATION_LEVEL = "-O";
				VALIDATE_PRODUCT = YES;
			};
			name = Release;
		};
		0EEF32ED29A52B4100134AEC /* Debug */ = {
			isa = XCBuildConfiguration;
			buildSettings = {
				ASSETCATALOG_COMPILER_APPICON_NAME = AppIcon;
				ASSETCATALOG_COMPILER_GLOBAL_ACCENT_COLOR_NAME = AccentColor;
				CODE_SIGN_STYLE = Automatic;
				CURRENT_PROJECT_VERSION = 1;
				DEVELOPMENT_ASSET_PATHS = "\"UnderControl/Resources/Preview Content\"";
				DEVELOPMENT_TEAM = 66STM82H6X;
				ENABLE_PREVIEWS = YES;
				GENERATE_INFOPLIST_FILE = YES;
				INFOPLIST_FILE = UnderControl/Application/Info.plist;
				INFOPLIST_KEY_UIApplicationSupportsIndirectInputEvents = YES;
				INFOPLIST_KEY_UILaunchScreen_Generation = YES;
				INFOPLIST_KEY_UISupportedInterfaceOrientations_iPad = "UIInterfaceOrientationPortrait UIInterfaceOrientationPortraitUpsideDown UIInterfaceOrientationLandscapeLeft UIInterfaceOrientationLandscapeRight";
				INFOPLIST_KEY_UISupportedInterfaceOrientations_iPhone = "UIInterfaceOrientationPortrait UIInterfaceOrientationLandscapeLeft UIInterfaceOrientationLandscapeRight";
				IPHONEOS_DEPLOYMENT_TARGET = 14.0;
				LD_RUNPATH_SEARCH_PATHS = (
					"$(inherited)",
					"@executable_path/Frameworks",
				);
				MARKETING_VERSION = 1.0;
				PRODUCT_BUNDLE_IDENTIFIER = com.dev.botalov.UnderControl;
				PRODUCT_NAME = "$(TARGET_NAME)";
				SWIFT_EMIT_LOC_STRINGS = YES;
				SWIFT_VERSION = 5.0;
				TARGETED_DEVICE_FAMILY = "1,2";
			};
			name = Debug;
		};
		0EEF32EE29A52B4100134AEC /* Release */ = {
			isa = XCBuildConfiguration;
			buildSettings = {
				ASSETCATALOG_COMPILER_APPICON_NAME = AppIcon;
				ASSETCATALOG_COMPILER_GLOBAL_ACCENT_COLOR_NAME = AccentColor;
				CODE_SIGN_STYLE = Automatic;
				CURRENT_PROJECT_VERSION = 1;
				DEVELOPMENT_ASSET_PATHS = "\"UnderControl/Resources/Preview Content\"";
				DEVELOPMENT_TEAM = 66STM82H6X;
				ENABLE_PREVIEWS = YES;
				GENERATE_INFOPLIST_FILE = YES;
				INFOPLIST_FILE = UnderControl/Application/Info.plist;
				INFOPLIST_KEY_UIApplicationSupportsIndirectInputEvents = YES;
				INFOPLIST_KEY_UILaunchScreen_Generation = YES;
				INFOPLIST_KEY_UISupportedInterfaceOrientations_iPad = "UIInterfaceOrientationPortrait UIInterfaceOrientationPortraitUpsideDown UIInterfaceOrientationLandscapeLeft UIInterfaceOrientationLandscapeRight";
				INFOPLIST_KEY_UISupportedInterfaceOrientations_iPhone = "UIInterfaceOrientationPortrait UIInterfaceOrientationLandscapeLeft UIInterfaceOrientationLandscapeRight";
				IPHONEOS_DEPLOYMENT_TARGET = 14.0;
				LD_RUNPATH_SEARCH_PATHS = (
					"$(inherited)",
					"@executable_path/Frameworks",
				);
				MARKETING_VERSION = 1.0;
				PRODUCT_BUNDLE_IDENTIFIER = com.dev.botalov.UnderControl;
				PRODUCT_NAME = "$(TARGET_NAME)";
				SWIFT_EMIT_LOC_STRINGS = YES;
				SWIFT_VERSION = 5.0;
				TARGETED_DEVICE_FAMILY = "1,2";
			};
			name = Release;
		};
/* End XCBuildConfiguration section */

/* Begin XCConfigurationList section */
		0EEF32D929A52B4000134AEC /* Build configuration list for PBXProject "UnderControl" */ = {
			isa = XCConfigurationList;
			buildConfigurations = (
				0EEF32EA29A52B4100134AEC /* Debug */,
				0EEF32EB29A52B4100134AEC /* Release */,
			);
			defaultConfigurationIsVisible = 0;
			defaultConfigurationName = Release;
		};
		0EEF32EC29A52B4100134AEC /* Build configuration list for PBXNativeTarget "UnderControl" */ = {
			isa = XCConfigurationList;
			buildConfigurations = (
				0EEF32ED29A52B4100134AEC /* Debug */,
				0EEF32EE29A52B4100134AEC /* Release */,
			);
			defaultConfigurationIsVisible = 0;
			defaultConfigurationName = Release;
		};
/* End XCConfigurationList section */
	};
	rootObject = 0EEF32D629A52B4000134AEC /* Project object */;
}
